<?xml version="1.0" encoding="utf-8"?>
<Project ToolsVersion="4.0" xmlns="http://schemas.microsoft.com/developer/msbuild/2003">
  <ItemGroup>
    <Filter Include="Generated Files">
      <UniqueIdentifier>{71ED8ED8-ACB9-4CE9-BBE1-E00B30144E11}</UniqueIdentifier>
      <Extensions>cpp;c;cxx;moc;h;def;odl;idl;res;</Extensions>
    </Filter>
    <Filter Include="Generated Files">
      <UniqueIdentifier>{71ED8ED8-ACB9-4CE9-BBE1-E00B30144E11}</UniqueIdentifier>
      <Extensions>cpp;c;cxx;moc;h;def;odl;idl;res;</Extensions>
    </Filter>
    <Filter Include="Header Files">
      <UniqueIdentifier>{93995380-89BD-4b04-88EB-625FBE52EBFB}</UniqueIdentifier>
      <Extensions>h;hpp;hxx;hm;inl;inc;xsd</Extensions>
    </Filter>
    <Filter Include="Header Files">
      <UniqueIdentifier>{93995380-89BD-4b04-88EB-625FBE52EBFB}</UniqueIdentifier>
      <Extensions>h;hpp;hxx;hm;inl;inc;xsd</Extensions>
    </Filter>
    <Filter Include="Source Files">
      <UniqueIdentifier>{4FC737F1-C7A5-4376-A066-2A32D752A2FF}</UniqueIdentifier>
      <Extensions>cpp;c;cxx;def;odl;idl;hpj;bat;asm;asmx</Extensions>
    </Filter>
    <Filter Include="Source Files">
      <UniqueIdentifier>{4FC737F1-C7A5-4376-A066-2A32D752A2FF}</UniqueIdentifier>
      <Extensions>cpp;c;cxx;def;odl;idl;hpj;bat;asm;asmx</Extensions>
    </Filter>
    <Filter Include="Generated Files\Debug">
      <UniqueIdentifier>{ec0bee4d-f530-457a-b14e-9ab49700d145}</UniqueIdentifier>
      <Extensions>cpp;moc</Extensions>
      <SourceControlFiles>False</SourceControlFiles>
    </Filter>
    <Filter Include="Generated Files\Release">
      <UniqueIdentifier>{5e612b0d-f8be-4926-9f21-a55a86d50fd9}</UniqueIdentifier>
      <Extensions>cpp;moc</Extensions>
      <SourceControlFiles>False</SourceControlFiles>
    </Filter>
  </ItemGroup>
  <ItemGroup>
    <ClCompile Include="damnchatroom.cpp">
      <Filter>Source Files</Filter>
    </ClCompile>
    <ClCompile Include="damnobject.cpp">
      <Filter>Source Files</Filter>
    </ClCompile>
    <ClCompile Include="damnpacket.cpp">
      <Filter>Source Files</Filter>
    </ClCompile>
    <ClCompile Include="damnpacketdevice.cpp">
      <Filter>Source Files</Filter>
    </ClCompile>
    <ClCompile Include="damnpacketparser.cpp">
      <Filter>Source Files</Filter>
    </ClCompile>
    <ClCompile Include="damnprivclass.cpp">
      <Filter>Source Files</Filter>
    </ClCompile>
    <ClCompile Include="damnsession.cpp">
      <Filter>Source Files</Filter>
    </ClCompile>
    <ClCompile Include="damnuser.cpp">
      <Filter>Source Files</Filter>
    </ClCompile>
    <ClCompile Include="deviant.cpp">
      <Filter>Source Files</Filter>
    </ClCompile>
    <ClCompile Include="events.cpp">
      <Filter>Source Files</Filter>
    </ClCompile>
    <ClCompile Include="mnlib_global.cpp">
      <Filter>Source Files</Filter>
    </ClCompile>
    <ClCompile Include="scrapingauthenticationprovider.cpp">
      <Filter>Source Files</Filter>
    </ClCompile>
    <ClCompile Include="timespan.cpp">
      <Filter>Source Files</Filter>
    </ClCompile>
    <ClCompile Include="Debug\moc_damnobject.cpp">
      <Filter>Generated Files\Debug</Filter>
    </ClCompile>
    <ClCompile Include="Release\moc_damnobject.cpp">
      <Filter>Generated Files\Release</Filter>
    </ClCompile>
    <ClCompile Include="Debug\moc_damnpacketdevice.cpp">
      <Filter>Generated Files\Debug</Filter>
    </ClCompile>
    <ClCompile Include="Release\moc_damnpacketdevice.cpp">
      <Filter>Generated Files\Release</Filter>
    </ClCompile>
    <ClCompile Include="Debug\moc_damnprivclass.cpp">
      <Filter>Generated Files\Debug</Filter>
    </ClCompile>
    <ClCompile Include="Release\moc_damnprivclass.cpp">
      <Filter>Generated Files\Release</Filter>
    </ClCompile>
    <ClCompile Include="Debug\moc_damnsession.cpp">
      <Filter>Generated Files\Debug</Filter>
    </ClCompile>
    <ClCompile Include="Release\moc_damnsession.cpp">
      <Filter>Generated Files\Release</Filter>
    </ClCompile>
    <ClCompile Include="Debug\moc_deviant.cpp">
      <Filter>Generated Files\Debug</Filter>
    </ClCompile>
    <ClCompile Include="Release\moc_deviant.cpp">
      <Filter>Generated Files\Release</Filter>
    </ClCompile>
    <ClCompile Include="Debug\moc_scrapingauthenticationprovider.cpp">
      <Filter>Generated Files\Debug</Filter>
    </ClCompile>
    <ClCompile Include="Release\moc_scrapingauthenticationprovider.cpp">
      <Filter>Generated Files\Release</Filter>
    </ClCompile>
  </ItemGroup>
  <ItemGroup>
    <ClInclude Include="damnchatroom.h">
      <Filter>Header Files</Filter>
    </ClInclude>
    <CustomBuild Include="damnobject.h">
      <Filter>Header Files</Filter>
    </CustomBuild>
    <ClInclude Include="damnpacket.h">
      <Filter>Header Files</Filter>
    </ClInclude>
    <CustomBuild Include="damnpacketdevice.h">
      <Filter>Header Files</Filter>
    </CustomBuild>
    <ClInclude Include="damnpacketparser.h">
      <Filter>Header Files</Filter>
    </ClInclude>
    <CustomBuild Include="damnprivclass.h">
      <Filter>Header Files</Filter>
    </CustomBuild>
    <CustomBuild Include="damnsession.h">
      <Filter>Header Files</Filter>
    </CustomBuild>
    <ClInclude Include="damnuser.h">
      <Filter>Header Files</Filter>
    </ClInclude>
    <CustomBuild Include="deviant.h">
      <Filter>Header Files</Filter>
    </CustomBuild>
    <ClInclude Include="events.h">
      <Filter>Header Files</Filter>
    </ClInclude>
    <ClInclude Include="evtfwd.h">
      <Filter>Header Files</Filter>
    </ClInclude>
    <ClInclude Include="mnlib_global.h">
      <Filter>Header Files</Filter>
    </ClInclude>
    <CustomBuild Include="scrapingauthenticationprovider.h">
      <Filter>Header Files</Filter>
    </CustomBuild>
    <ClInclude Include="timespan.h">
      <Filter>Header Files</Filter>
    </ClInclude>
  </ItemGroup>
  <ItemGroup>
    <ResourceCompile Include="c:\Users\Carl Tessier\prog\dAmnplz\mnlib\mnlib_resource.rc" />
  </ItemGroup>
</Project>